
Microsoft Visual Studio Solution File, Format Version 12.00
# Visual Studio Version 17
VisualStudioVersion = 17.7.34202.233
MinimumVisualStudioVersion = 10.0.40219.1
Project("{FAE04EC0-301F-11D3-BF4B-00C04F79EFBC}") = "Linq_home", "Linq_home.csproj", "{0F6D0CF6-0E0C-4939-952E-3BEA95A814D7}"
EndProject
Global
	GlobalSection(SolutionConfigurationPlatforms) = preSolution
		Debug|Any CPU = Debug|Any CPU
		Release|Any CPU = Release|Any CPU
	EndGlobalSection
	GlobalSection(ProjectConfigurationPlatforms) = postSolution
		{0F6D0CF6-0E0C-4939-952E-3BEA95A814D7}.Debug|Any CPU.ActiveCfg = Debug|Any CPU
		{0F6D0CF6-0E0C-4939-952E-3BEA95A814D7}.Debug|Any CPU.Build.0 = Debug|Any CPU
		{0F6D0CF6-0E0C-4939-952E-3BEA95A814D7}.Release|Any CPU.ActiveCfg = Release|Any CPU
		{0F6D0CF6-0E0C-4939-952E-3BEA95A814D7}.Release|Any CPU.Build.0 = Release|Any CPU
	EndGlobalSection
	GlobalSection(SolutionProperties) = preSolution
		HideSolutionNode = FALSE
	EndGlobalSection
	GlobalSection(ExtensibilityGlobals) = postSolution
		SolutionGuid = {F99A7512-7C91-4CF6-9F49-E30C512D70BC}
	EndGlobalSection
EndGlobal
